// !$*UTF8*$!
{
	archiveVersion = 1;
	classes = {
	};
	objectVersion = 50;
	objects = {

/* Begin PBXBuildFile section */
		F21BD4DB21D422E4001CA0F2 /* AppDelegate.swift in Sources */ = {isa = PBXBuildFile; fileRef = F21BD4DA21D422E4001CA0F2 /* AppDelegate.swift */; };
		F21BD4DD21D422E4001CA0F2 /* GameScene.sks in Resources */ = {isa = PBXBuildFile; fileRef = F21BD4DC21D422E4001CA0F2 /* GameScene.sks */; };
		F21BD4DF21D422E4001CA0F2 /* Actions.sks in Resources */ = {isa = PBXBuildFile; fileRef = F21BD4DE21D422E4001CA0F2 /* Actions.sks */; };
		F21BD4E121D422E4001CA0F2 /* GameScene.swift in Sources */ = {isa = PBXBuildFile; fileRef = F21BD4E021D422E4001CA0F2 /* GameScene.swift */; };
		F21BD4E321D422E4001CA0F2 /* GameViewController.swift in Sources */ = {isa = PBXBuildFile; fileRef = F21BD4E221D422E4001CA0F2 /* GameViewController.swift */; };
		F21BD4E621D422E4001CA0F2 /* Main.storyboard in Resources */ = {isa = PBXBuildFile; fileRef = F21BD4E421D422E4001CA0F2 /* Main.storyboard */; };
		F21BD4E821D422E5001CA0F2 /* Assets.xcassets in Resources */ = {isa = PBXBuildFile; fileRef = F21BD4E721D422E5001CA0F2 /* Assets.xcassets */; };
		F21BD4EB21D422E5001CA0F2 /* LaunchScreen.storyboard in Resources */ = {isa = PBXBuildFile; fileRef = F21BD4E921D422E5001CA0F2 /* LaunchScreen.storyboard */; };
		F21BD4F321D4233E001CA0F2 /* teaspoonBase.swift in Sources */ = {isa = PBXBuildFile; fileRef = F21BD4F221D4233E001CA0F2 /* teaspoonBase.swift */; };
		F21BD51621D5AF54001CA0F2 /* twowayTest.swift in Sources */ = {isa = PBXBuildFile; fileRef = F21BD51521D5AF54001CA0F2 /* twowayTest.swift */; };
/* End PBXBuildFile section */

/* Begin PBXFileReference section */
		F21BD4D721D422E4001CA0F2 /* TeaspoonGL.app */ = {isa = PBXFileReference; explicitFileType = wrapper.application; includeInIndex = 0; path = TeaspoonGL.app; sourceTree = BUILT_PRODUCTS_DIR; };
		F21BD4DA21D422E4001CA0F2 /* AppDelegate.swift */ = {isa = PBXFileReference; lastKnownFileType = sourcecode.swift; path = AppDelegate.swift; sourceTree = "<group>"; };
		F21BD4DC21D422E4001CA0F2 /* GameScene.sks */ = {isa = PBXFileReference; lastKnownFileType = file.sks; path = GameScene.sks; sourceTree = "<group>"; };
		F21BD4DE21D422E4001CA0F2 /* Actions.sks */ = {isa = PBXFileReference; lastKnownFileType = file.sks; path = Actions.sks; sourceTree = "<group>"; };
		F21BD4E021D422E4001CA0F2 /* GameScene.swift */ = {isa = PBXFileReference; lastKnownFileType = sourcecode.swift; path = GameScene.swift; sourceTree = "<group>"; };
		F21BD4E221D422E4001CA0F2 /* GameViewController.swift */ = {isa = PBXFileReference; lastKnownFileType = sourcecode.swift; path = GameViewController.swift; sourceTree = "<group>"; };
		F21BD4E521D422E4001CA0F2 /* Base */ = {isa = PBXFileReference; lastKnownFileType = file.storyboard; name = Base; path = Base.lproj/Main.storyboard; sourceTree = "<group>"; };
		F21BD4E721D422E5001CA0F2 /* Assets.xcassets */ = {isa = PBXFileReference; lastKnownFileType = folder.assetcatalog; path = Assets.xcassets; sourceTree = "<group>"; };
		F21BD4EA21D422E5001CA0F2 /* Base */ = {isa = PBXFileReference; lastKnownFileType = file.storyboard; name = Base; path = Base.lproj/LaunchScreen.storyboard; sourceTree = "<group>"; };
		F21BD4EC21D422E5001CA0F2 /* Info.plist */ = {isa = PBXFileReference; lastKnownFileType = text.plist.xml; path = Info.plist; sourceTree = "<group>"; };
		F21BD4F221D4233E001CA0F2 /* teaspoonBase.swift */ = {isa = PBXFileReference; lastKnownFileType = sourcecode.swift; path = teaspoonBase.swift; sourceTree = "<group>"; };
		F21BD51521D5AF54001CA0F2 /* twowayTest.swift */ = {isa = PBXFileReference; lastKnownFileType = sourcecode.swift; path = twowayTest.swift; sourceTree = "<group>"; };
/* End PBXFileReference section */

/* Begin PBXFrameworksBuildPhase section */
		F21BD4D421D422E4001CA0F2 /* Frameworks */ = {
			isa = PBXFrameworksBuildPhase;
			buildActionMask = 2147483647;
			files = (
			);
			runOnlyForDeploymentPostprocessing = 0;
		};
/* End PBXFrameworksBuildPhase section */

/* Begin PBXGroup section */
		F21BD4CE21D422E3001CA0F2 = {
			isa = PBXGroup;
			children = (
				F21BD4D921D422E4001CA0F2 /* Teaspoon-GL */,
				F21BD4D821D422E4001CA0F2 /* Products */,
			);
			sourceTree = "<group>";
		};
		F21BD4D821D422E4001CA0F2 /* Products */ = {
			isa = PBXGroup;
			children = (
				F21BD4D721D422E4001CA0F2 /* TeaspoonGL.app */,
			);
			name = Products;
			sourceTree = "<group>";
		};
		F21BD4D921D422E4001CA0F2 /* Teaspoon-GL */ = {
			isa = PBXGroup;
			children = (
				F21BD4DA21D422E4001CA0F2 /* AppDelegate.swift */,
				F21BD4DC21D422E4001CA0F2 /* GameScene.sks */,
				F21BD4DE21D422E4001CA0F2 /* Actions.sks */,
				F21BD4E021D422E4001CA0F2 /* GameScene.swift */,
				F21BD4E221D422E4001CA0F2 /* GameViewController.swift */,
				F21BD4E421D422E4001CA0F2 /* Main.storyboard */,
				F21BD4E721D422E5001CA0F2 /* Assets.xcassets */,
				F21BD4E921D422E5001CA0F2 /* LaunchScreen.storyboard */,
				F21BD4EC21D422E5001CA0F2 /* Info.plist */,
				F21BD4F221D4233E001CA0F2 /* teaspoonBase.swift */,
				F21BD51521D5AF54001CA0F2 /* twowayTest.swift */,
			);
			path = "Teaspoon-GL";
			sourceTree = "<group>";
		};
/* End PBXGroup section */

/* Begin PBXNativeTarget section */
		F21BD4D621D422E4001CA0F2 /* TeaspoonGL */ = {
			isa = PBXNativeTarget;
			buildConfigurationList = F21BD4EF21D422E5001CA0F2 /* Build configuration list for PBXNativeTarget "TeaspoonGL" */;
			buildPhases = (
				F21BD4D321D422E4001CA0F2 /* Sources */,
				F21BD4D421D422E4001CA0F2 /* Frameworks */,
				F21BD4D521D422E4001CA0F2 /* Resources */,
			);
			buildRules = (
			);
			dependencies = (
			);
			name = TeaspoonGL;
			productName = "Teaspoon-GL";
			productReference = F21BD4D721D422E4001CA0F2 /* TeaspoonGL.app */;
			productType = "com.apple.product-type.application";
		};
/* End PBXNativeTarget section */

/* Begin PBXProject section */
		F21BD4CF21D422E3001CA0F2 /* Project object */ = {
			isa = PBXProject;
			attributes = {
				LastSwiftUpdateCheck = 1010;
				LastUpgradeCheck = 1010;
				ORGANIZATIONNAME = "Samy Bencherif";
				TargetAttributes = {
					F21BD4D621D422E4001CA0F2 = {
						CreatedOnToolsVersion = 10.1;
					};
				};
			};
			buildConfigurationList = F21BD4D221D422E3001CA0F2 /* Build configuration list for PBXProject "TeaspoonGL" */;
			compatibilityVersion = "Xcode 9.3";
			developmentRegion = en;
			hasScannedForEncodings = 0;
			knownRegions = (
				en,
				Base,
			);
			mainGroup = F21BD4CE21D422E3001CA0F2;
			productRefGroup = F21BD4D821D422E4001CA0F2 /* Products */;
			projectDirPath = "";
			projectRoot = "";
			targets = (
				F21BD4D621D422E4001CA0F2 /* TeaspoonGL */,
			);
		};
/* End PBXProject section */

/* Begin PBXResourcesBuildPhase section */
		F21BD4D521D422E4001CA0F2 /* Resources */ = {
			isa = PBXResourcesBuildPhase;
			buildActionMask = 2147483647;
			files = (
				F21BD4E621D422E4001CA0F2 /* Main.storyboard in Resources */,
				F21BD4DD21D422E4001CA0F2 /* GameScene.sks in Resources */,
				F21BD4E821D422E5001CA0F2 /* Assets.xcassets in Resources */,
				F21BD4EB21D422E5001CA0F2 /* LaunchScreen.storyboard in Resources */,
				F21BD4DF21D422E4001CA0F2 /* Actions.sks in Resources */,
			);
			runOnlyForDeploymentPostprocessing = 0;
		};
/* End PBXResourcesBuildPhase section */

/* Begin PBXSourcesBuildPhase section */
		F21BD4D321D422E4001CA0F2 /* Sources */ = {
			isa = PBXSourcesBuildPhase;
			buildActionMask = 2147483647;
			files = (
				F21BD4E121D422E4001CA0F2 /* GameScene.swift in Sources */,
				F21BD4E321D422E4001CA0F2 /* GameViewController.swift in Sources */,
				F21BD4DB21D422E4001CA0F2 /* AppDelegate.swift in Sources */,
				F21BD4F321D4233E001CA0F2 /* teaspoonBase.swift in Sources */,
				F21BD51621D5AF54001CA0F2 /* twowayTest.swift in Sources */,
			);
			runOnlyForDeploymentPostprocessing = 0;
		};
/* End PBXSourcesBuildPhase section */

/* Begin PBXVariantGroup section */
		F21BD4E421D422E4001CA0F2 /* Main.storyboard */ = {
			isa = PBXVariantGroup;
			children = (
				F21BD4E521D422E4001CA0F2 /* Base */,
			);
			name = Main.storyboard;
			sourceTree = "<group>";
		};
		F21BD4E921D422E5001CA0F2 /* LaunchScreen.storyboard */ = {
			isa = PBXVariantGroup;
			children = (
				F21BD4EA21D422E5001CA0F2 /* Base */,
			);
			name = LaunchScreen.storyboard;
			sourceTree = "<group>";
		};
/* End PBXVariantGroup section */

/* Begin XCBuildConfiguration section */
		F21BD4ED21D422E5001CA0F2 /* Debug */ = {
			isa = XCBuildConfiguration;
			buildSettings = {
				ALWAYS_SEARCH_USER_PATHS = NO;
				CLANG_ANALYZER_NONNULL = YES;
				CLANG_ANALYZER_NUMBER_OBJECT_CONVERSION = YES_AGGRESSIVE;
				CLANG_CXX_LANGUAGE_STANDARD = "gnu++14";
				CLANG_CXX_LIBRARY = "libc++";
				CLANG_ENABLE_MODULES = YES;
				CLANG_ENABLE_OBJC_ARC = YES;
				CLANG_ENABLE_OBJC_WEAK = YES;
				CLANG_WARN_BLOCK_CAPTURE_AUTORELEASING = YES;
				CLANG_WARN_BOOL_CONVERSION = YES;
				CLANG_WARN_COMMA = YES;
				CLANG_WARN_CONSTANT_CONVERSION = YES;
				CLANG_WARN_DEPRECATED_OBJC_IMPLEMENTATIONS = YES;
				CLANG_WARN_DIRECT_OBJC_ISA_USAGE = YES_ERROR;
				CLANG_WARN_DOCUMENTATION_COMMENTS = YES;
				CLANG_WARN_EMPTY_BODY = YES;
				CLANG_WARN_ENUM_CONVERSION = YES;
				CLANG_WARN_INFINITE_RECURSION = YES;
				CLANG_WARN_INT_CONVERSION = YES;
				CLANG_WARN_NON_LITERAL_NULL_CONVERSION = YES;
				CLANG_WARN_OBJC_IMPLICIT_RETAIN_SELF = YES;
				CLANG_WARN_OBJC_LITERAL_CONVERSION = YES;
				CLANG_WARN_OBJC_ROOT_CLASS = YES_ERROR;
				CLANG_WARN_RANGE_LOOP_ANALYSIS = YES;
				CLANG_WARN_STRICT_PROTOTYPES = YES;
				CLANG_WARN_SUSPICIOUS_MOVE = YES;
				CLANG_WARN_UNGUARDED_AVAILABILITY = YES_AGGRESSIVE;
				CLANG_WARN_UNREACHABLE_CODE = YES;
				CLANG_WARN__DUPLICATE_METHOD_MATCH = YES;
				CODE_SIGN_IDENTITY = "iPhone Developer";
				COPY_PHASE_STRIP = NO;
				DEBUG_INFORMATION_FORMAT = dwarf;
				ENABLE_STRICT_OBJC_MSGSEND = YES;
				ENABLE_TESTABILITY = YES;
				GCC_C_LANGUAGE_STANDARD = gnu11;
				GCC_DYNAMIC_NO_PIC = NO;
				GCC_NO_COMMON_BLOCKS = YES;
				GCC_OPTIMIZATION_LEVEL = 0;
				GCC_PREPROCESSOR_DEFINITIONS = (
					"DEBUG=1",
					"$(inherited)",
				);
				GCC_WARN_64_TO_32_BIT_CONVERSION = YES;
				GCC_WARN_ABOUT_RETURN_TYPE = YES_ERROR;
				GCC_WARN_UNDECLARED_SELECTOR = YES;
				GCC_WARN_UNINITIALIZED_AUTOS = YES_AGGRESSIVE;
				GCC_WARN_UNUSED_FUNCTION = YES;
				GCC_WARN_UNUSED_VARIABLE = YES;
				IPHONEOS_DEPLOYMENT_TARGET = 12.1;
				MTL_ENABLE_DEBUG_INFO = INCLUDE_SOURCE;
				MTL_FAST_MATH = YES;
				ONLY_ACTIVE_ARCH = YES;
				SDKROOT = iphoneos;
				SWIFT_ACTIVE_COMPILATION_CONDITIONS = DEBUG;
				SWIFT_OPTIMIZATION_LEVEL = "-Onone";
			};
			name = Debug;
		};
		F21BD4EE21D422E5001CA0F2 /* Release */ = {
			isa = XCBuildConfiguration;
			buildSettings = {
				ALWAYS_SEARCH_USER_PATHS = NO;
				CLANG_ANALYZER_NONNULL = YES;
				CLANG_ANALYZER_NUMBER_OBJECT_CONVERSION = YES_AGGRESSIVE;
				CLANG_CXX_LANGUAGE_STANDARD = "gnu++14";
				CLANG_CXX_LIBRARY = "libc++";
				CLANG_ENABLE_MODULES = YES;
				CLANG_ENABLE_OBJC_ARC = YES;
				CLANG_ENABLE_OBJC_WEAK = YES;
				CLANG_WARN_BLOCK_CAPTURE_AUTORELEASING = YES;
				CLANG_WARN_BOOL_CONVERSION = YES;
				CLANG_WARN_COMMA = YES;
				CLANG_WARN_CONSTANT_CONVERSION = YES;
				CLANG_WARN_DEPRECATED_OBJC_IMPLEMENTATIONS = YES;
				CLANG_WARN_DIRECT_OBJC_ISA_USAGE = YES_ERROR;
				CLANG_WARN_DOCUMENTATION_COMMENTS = YES;
				CLANG_WARN_EMPTY_BODY = YES;
				CLANG_WARN_ENUM_CONVERSION = YES;
				CLANG_WARN_INFINITE_RECURSION = YES;
				CLANG_WARN_INT_CONVERSION = YES;
				CLANG_WARN_NON_LITERAL_NULL_CONVERSION = YES;
				CLANG_WARN_OBJC_IMPLICIT_RETAIN_SELF = YES;
				CLANG_WARN_OBJC_LITERAL_CONVERSION = YES;
				CLANG_WARN_OBJC_ROOT_CLASS = YES_ERROR;
				CLANG_WARN_RANGE_LOOP_ANALYSIS = YES;
				CLANG_WARN_STRICT_PROTOTYPES = YES;
				CLANG_WARN_SUSPICIOUS_MOVE = YES;
				CLANG_WARN_UNGUARDED_AVAILABILITY = YES_AGGRESSIVE;
				CLANG_WARN_UNREACHABLE_CODE = YES;
				CLANG_WARN__DUPLICATE_METHOD_MATCH = YES;
				CODE_SIGN_IDENTITY = "iPhone Developer";
				COPY_PHASE_STRIP = NO;
				DEBUG_INFORMATION_FORMAT = "dwarf-with-dsym";
				ENABLE_NS_ASSERTIONS = NO;
				ENABLE_STRICT_OBJC_MSGSEND = YES;
				GCC_C_LANGUAGE_STANDARD = gnu11;
				GCC_NO_COMMON_BLOCKS = YES;
				GCC_WARN_64_TO_32_BIT_CONVERSION = YES;
				GCC_WARN_ABOUT_RETURN_TYPE = YES_ERROR;
				GCC_WARN_UNDECLARED_SELECTOR = YES;
				GCC_WARN_UNINITIALIZED_AUTOS = YES_AGGRESSIVE;
				GCC_WARN_UNUSED_FUNCTION = YES;
				GCC_WARN_UNUSED_VARIABLE = YES;
				IPHONEOS_DEPLOYMENT_TARGET = 12.1;
				MTL_ENABLE_DEBUG_INFO = NO;
				MTL_FAST_MATH = YES;
				SDKROOT = iphoneos;
				SWIFT_COMPILATION_MODE = wholemodule;
				SWIFT_OPTIMIZATION_LEVEL = "-O";
				VALIDATE_PRODUCT = YES;
			};
			name = Release;
		};
		F21BD4F021D422E5001CA0F2 /* Debug */ = {
			isa = XCBuildConfiguration;
			buildSettings = {
				ASSETCATALOG_COMPILER_APPICON_NAME = AppIcon;
				CODE_SIGN_STYLE = Automatic;
				DEVELOPMENT_TEAM = Q9TY9MLH5T;
				INFOPLIST_FILE = "Teaspoon-GL/Info.plist";
				LD_RUNPATH_SEARCH_PATHS = (
					"$(inherited)",
					"@executable_path/Frameworks",
				);
				PRODUCT_BUNDLE_IDENTIFIER = "com.SamyBencherif.Teaspoon-GL";
				PRODUCT_NAME = "$(TARGET_NAME)";
				SWIFT_VERSION = 4.2;
				TARGETED_DEVICE_FAMILY = "1,2";
			};
			name = Debug;
		};
		F21BD4F121D422E5001CA0F2 /* Release */ = {
			isa = XCBuildConfiguration;
			buildSettings = {
				ASSETCATALOG_COMPILER_APPICON_NAME = AppIcon;
				CODE_SIGN_STYLE = Automatic;
				DEVELOPMENT_TEAM = Q9TY9MLH5T;
				INFOPLIST_FILE = "Teaspoon-GL/Info.plist";
				LD_RUNPATH_SEARCH_PATHS = (
					"$(inherited)",
					"@executable_path/Frameworks",
				);
				PRODUCT_BUNDLE_IDENTIFIER = "com.SamyBencherif.Teaspoon-GL";
				PRODUCT_NAME = "$(TARGET_NAME)";
				SWIFT_VERSION = 4.2;
				TARGETED_DEVICE_FAMILY = "1,2";
			};
			name = Release;
		};
/* End XCBuildConfiguration section */

/* Begin XCConfigurationList section */
		F21BD4D221D422E3001CA0F2 /* Build configuration list for PBXProject "TeaspoonGL" */ = {
			isa = XCConfigurationList;
			buildConfigurations = (
				F21BD4ED21D422E5001CA0F2 /* Debug */,
				F21BD4EE21D422E5001CA0F2 /* Release */,
			);
			defaultConfigurationIsVisible = 0;
			defaultConfigurationName = Release;
		};
		F21BD4EF21D422E5001CA0F2 /* Build configuration list for PBXNativeTarget "TeaspoonGL" */ = {
			isa = XCConfigurationList;
			buildConfigurations = (
				F21BD4F021D422E5001CA0F2 /* Debug */,
				F21BD4F121D422E5001CA0F2 /* Release */,
			);
			defaultConfigurationIsVisible = 0;
			defaultConfigurationName = Release;
		};
/* End XCConfigurationList section */
	};
	rootObject = F21BD4CF21D422E3001CA0F2 /* Project object */;
}
